
Microsoft Visual Studio Solution File, Format Version 12.00
# Visual Studio 15
VisualStudioVersion = 15.0.28307.168
MinimumVisualStudioVersion = 10.0.40219.1
Project("{FAE04EC0-301F-11D3-BF4B-00C04F79EFBC}") = "WoWCharacterCodex.Web", "WoWCharacterCodex.Web\WoWCharacterCodex.Web.csproj", "{1BE8E77A-F06C-4EDB-B78D-EADB33C8D265}"
EndProject
Global
	GlobalSection(SolutionConfigurationPlatforms) = preSolution
		Debug|Any CPU = Debug|Any CPU
		Release|Any CPU = Release|Any CPU
	EndGlobalSection
	GlobalSection(ProjectConfigurationPlatforms) = postSolution
		{1BE8E77A-F06C-4EDB-B78D-EADB33C8D265}.Debug|Any CPU.ActiveCfg = Debug|Any CPU
		{1BE8E77A-F06C-4EDB-B78D-EADB33C8D265}.Debug|Any CPU.Build.0 = Debug|Any CPU
		{1BE8E77A-F06C-4EDB-B78D-EADB33C8D265}.Release|Any CPU.ActiveCfg = Release|Any CPU
		{1BE8E77A-F06C-4EDB-B78D-EADB33C8D265}.Release|Any CPU.Build.0 = Release|Any CPU
	EndGlobalSection
	GlobalSection(SolutionProperties) = preSolution
		HideSolutionNode = FALSE
	EndGlobalSection
	GlobalSection(ExtensibilityGlobals) = postSolution
		SolutionGuid = {0AC495CB-85AA-4088-95EC-BAF83B68097C}
	EndGlobalSection
EndGlobal
